
Microsoft Visual Studio Solution File, Format Version 12.00
# Visual Studio 15
VisualStudioVersion = 15.0.27130.2027
MinimumVisualStudioVersion = 10.0.40219.1
Project("{2150E333-8FDC-42A3-9474-1A3956D46DE8}") = "src", "src", "{876C33EA-6E07-4C03-9B00-C3315FC3F433}"
EndProject
Project("{9A19103F-16F7-4668-BE54-9A1E7A4F7556}") = "Employee", "src\Employee\Employee.csproj", "{F78DF795-E0AB-4B43-A5C2-203E859CD458}"
EndProject
Project("{9A19103F-16F7-4668-BE54-9A1E7A4F7556}") = "Invoice", "src\Invoice\Invoice.csproj", "{8454E756-57FA-4CB4-B7F7-E99CE13CC9B9}"
EndProject
Project("{9A19103F-16F7-4668-BE54-9A1E7A4F7556}") = "Payment", "src\Payment\Payment.csproj", "{CA1AF52A-FED9-42BF-92F0-945C8C6622BE}"
EndProject
Project("{9A19103F-16F7-4668-BE54-9A1E7A4F7556}") = "Assignment", "src\Assignment\Assignment.csproj", "{29E2BAAC-96C8-4955-A1F5-9A44D2BA8912}"
EndProject
Project("{9A19103F-16F7-4668-BE54-9A1E7A4F7556}") = "Payout", "src\Payout\Payout.csproj", "{65B03262-CBD7-4A4C-A3EC-E0F87F93E0C9}"
EndProject
Project("{9A19103F-16F7-4668-BE54-9A1E7A4F7556}") = "Web", "src\Web\Web.csproj", "{78E3EA60-1796-4E21-9FF5-8053E0125BC7}"
EndProject
Project("{2150E333-8FDC-42A3-9474-1A3956D46DE8}") = "test", "test", "{278E4747-E71D-48A0-98B8-D6FB9A8FC12D}"
EndProject
Project("{9A19103F-16F7-4668-BE54-9A1E7A4F7556}") = "IntegrationTests", "test\IntegrationTests\IntegrationTests.csproj", "{9F897760-E53B-4A03-AB3E-1B0195A37EA2}"
EndProject
Global
	GlobalSection(SolutionConfigurationPlatforms) = preSolution
		Debug|Any CPU = Debug|Any CPU
		Release|Any CPU = Release|Any CPU
	EndGlobalSection
	GlobalSection(ProjectConfigurationPlatforms) = postSolution
		{F78DF795-E0AB-4B43-A5C2-203E859CD458}.Debug|Any CPU.ActiveCfg = Debug|Any CPU
		{F78DF795-E0AB-4B43-A5C2-203E859CD458}.Debug|Any CPU.Build.0 = Debug|Any CPU
		{F78DF795-E0AB-4B43-A5C2-203E859CD458}.Release|Any CPU.ActiveCfg = Release|Any CPU
		{F78DF795-E0AB-4B43-A5C2-203E859CD458}.Release|Any CPU.Build.0 = Release|Any CPU
		{8454E756-57FA-4CB4-B7F7-E99CE13CC9B9}.Debug|Any CPU.ActiveCfg = Debug|Any CPU
		{8454E756-57FA-4CB4-B7F7-E99CE13CC9B9}.Debug|Any CPU.Build.0 = Debug|Any CPU
		{8454E756-57FA-4CB4-B7F7-E99CE13CC9B9}.Release|Any CPU.ActiveCfg = Release|Any CPU
		{8454E756-57FA-4CB4-B7F7-E99CE13CC9B9}.Release|Any CPU.Build.0 = Release|Any CPU
		{CA1AF52A-FED9-42BF-92F0-945C8C6622BE}.Debug|Any CPU.ActiveCfg = Debug|Any CPU
		{CA1AF52A-FED9-42BF-92F0-945C8C6622BE}.Debug|Any CPU.Build.0 = Debug|Any CPU
		{CA1AF52A-FED9-42BF-92F0-945C8C6622BE}.Release|Any CPU.ActiveCfg = Release|Any CPU
		{CA1AF52A-FED9-42BF-92F0-945C8C6622BE}.Release|Any CPU.Build.0 = Release|Any CPU
		{29E2BAAC-96C8-4955-A1F5-9A44D2BA8912}.Debug|Any CPU.ActiveCfg = Debug|Any CPU
		{29E2BAAC-96C8-4955-A1F5-9A44D2BA8912}.Debug|Any CPU.Build.0 = Debug|Any CPU
		{29E2BAAC-96C8-4955-A1F5-9A44D2BA8912}.Release|Any CPU.ActiveCfg = Release|Any CPU
		{29E2BAAC-96C8-4955-A1F5-9A44D2BA8912}.Release|Any CPU.Build.0 = Release|Any CPU
		{65B03262-CBD7-4A4C-A3EC-E0F87F93E0C9}.Debug|Any CPU.ActiveCfg = Debug|Any CPU
		{65B03262-CBD7-4A4C-A3EC-E0F87F93E0C9}.Debug|Any CPU.Build.0 = Debug|Any CPU
		{65B03262-CBD7-4A4C-A3EC-E0F87F93E0C9}.Release|Any CPU.ActiveCfg = Release|Any CPU
		{65B03262-CBD7-4A4C-A3EC-E0F87F93E0C9}.Release|Any CPU.Build.0 = Release|Any CPU
		{78E3EA60-1796-4E21-9FF5-8053E0125BC7}.Debug|Any CPU.ActiveCfg = Debug|Any CPU
		{78E3EA60-1796-4E21-9FF5-8053E0125BC7}.Debug|Any CPU.Build.0 = Debug|Any CPU
		{78E3EA60-1796-4E21-9FF5-8053E0125BC7}.Release|Any CPU.ActiveCfg = Release|Any CPU
		{78E3EA60-1796-4E21-9FF5-8053E0125BC7}.Release|Any CPU.Build.0 = Release|Any CPU
		{9F897760-E53B-4A03-AB3E-1B0195A37EA2}.Debug|Any CPU.ActiveCfg = Debug|Any CPU
		{9F897760-E53B-4A03-AB3E-1B0195A37EA2}.Debug|Any CPU.Build.0 = Debug|Any CPU
		{9F897760-E53B-4A03-AB3E-1B0195A37EA2}.Release|Any CPU.ActiveCfg = Release|Any CPU
		{9F897760-E53B-4A03-AB3E-1B0195A37EA2}.Release|Any CPU.Build.0 = Release|Any CPU
	EndGlobalSection
	GlobalSection(SolutionProperties) = preSolution
		HideSolutionNode = FALSE
	EndGlobalSection
	GlobalSection(NestedProjects) = preSolution
		{F78DF795-E0AB-4B43-A5C2-203E859CD458} = {876C33EA-6E07-4C03-9B00-C3315FC3F433}
		{8454E756-57FA-4CB4-B7F7-E99CE13CC9B9} = {876C33EA-6E07-4C03-9B00-C3315FC3F433}
		{CA1AF52A-FED9-42BF-92F0-945C8C6622BE} = {876C33EA-6E07-4C03-9B00-C3315FC3F433}
		{29E2BAAC-96C8-4955-A1F5-9A44D2BA8912} = {876C33EA-6E07-4C03-9B00-C3315FC3F433}
		{65B03262-CBD7-4A4C-A3EC-E0F87F93E0C9} = {876C33EA-6E07-4C03-9B00-C3315FC3F433}
		{78E3EA60-1796-4E21-9FF5-8053E0125BC7} = {876C33EA-6E07-4C03-9B00-C3315FC3F433}
		{9F897760-E53B-4A03-AB3E-1B0195A37EA2} = {278E4747-E71D-48A0-98B8-D6FB9A8FC12D}
	EndGlobalSection
	GlobalSection(ExtensibilityGlobals) = postSolution
		SolutionGuid = {3B1B70F3-0CD0-484E-B381-9E023CB4B98A}
	EndGlobalSection
EndGlobal
