
Microsoft Visual Studio Solution File, Format Version 12.00
# Visual Studio 15
VisualStudioVersion = 15.0.27130.2027
MinimumVisualStudioVersion = 10.0.40219.1
Project("{2150E333-8FDC-42A3-9474-1A3956D46DE8}") = "src", "src", "{876C33EA-6E07-4C03-9B00-C3315FC3F433}"
EndProject
Project("{9A19103F-16F7-4668-BE54-9A1E7A4F7556}") = "ConsoleApp", "src\ConsoleApp\ConsoleApp.csproj", "{A1476FBE-733B-4446-96CF-753A2442731F}"
EndProject
Project("{9A19103F-16F7-4668-BE54-9A1E7A4F7556}") = "Employee", "src\Employee\Employee.csproj", "{F78DF795-E0AB-4B43-A5C2-203E859CD458}"
EndProject
Project("{9A19103F-16F7-4668-BE54-9A1E7A4F7556}") = "Customer", "src\Customer\Customer.csproj", "{CB9A59D8-A9AF-4956-B57A-6FB058400EB7}"
EndProject
Project("{9A19103F-16F7-4668-BE54-9A1E7A4F7556}") = "Invoice", "src\Invoice\Invoice.csproj", "{8454E756-57FA-4CB4-B7F7-E99CE13CC9B9}"
EndProject
Project("{FAE04EC0-301F-11D3-BF4B-00C04F79EFBC}") = "Payment", "src\Payment\Payment.csproj", "{CA1AF52A-FED9-42BF-92F0-945C8C6622BE}"
EndProject
Project("{FAE04EC0-301F-11D3-BF4B-00C04F79EFBC}") = "Assignment", "src\Assignment\Assignment.csproj", "{29E2BAAC-96C8-4955-A1F5-9A44D2BA8912}"
EndProject
Project("{FAE04EC0-301F-11D3-BF4B-00C04F79EFBC}") = "Payout", "src\Payout\Payout.csproj", "{65B03262-CBD7-4A4C-A3EC-E0F87F93E0C9}"
EndProject
Global
	GlobalSection(SolutionConfigurationPlatforms) = preSolution
		Debug|Any CPU = Debug|Any CPU
		Release|Any CPU = Release|Any CPU
	EndGlobalSection
	GlobalSection(ProjectConfigurationPlatforms) = postSolution
		{A1476FBE-733B-4446-96CF-753A2442731F}.Debug|Any CPU.ActiveCfg = Debug|Any CPU
		{A1476FBE-733B-4446-96CF-753A2442731F}.Debug|Any CPU.Build.0 = Debug|Any CPU
		{A1476FBE-733B-4446-96CF-753A2442731F}.Release|Any CPU.ActiveCfg = Release|Any CPU
		{A1476FBE-733B-4446-96CF-753A2442731F}.Release|Any CPU.Build.0 = Release|Any CPU
		{F78DF795-E0AB-4B43-A5C2-203E859CD458}.Debug|Any CPU.ActiveCfg = Debug|Any CPU
		{F78DF795-E0AB-4B43-A5C2-203E859CD458}.Debug|Any CPU.Build.0 = Debug|Any CPU
		{F78DF795-E0AB-4B43-A5C2-203E859CD458}.Release|Any CPU.ActiveCfg = Release|Any CPU
		{F78DF795-E0AB-4B43-A5C2-203E859CD458}.Release|Any CPU.Build.0 = Release|Any CPU
		{CB9A59D8-A9AF-4956-B57A-6FB058400EB7}.Debug|Any CPU.ActiveCfg = Debug|Any CPU
		{CB9A59D8-A9AF-4956-B57A-6FB058400EB7}.Debug|Any CPU.Build.0 = Debug|Any CPU
		{CB9A59D8-A9AF-4956-B57A-6FB058400EB7}.Release|Any CPU.ActiveCfg = Release|Any CPU
		{CB9A59D8-A9AF-4956-B57A-6FB058400EB7}.Release|Any CPU.Build.0 = Release|Any CPU
		{8454E756-57FA-4CB4-B7F7-E99CE13CC9B9}.Debug|Any CPU.ActiveCfg = Debug|Any CPU
		{8454E756-57FA-4CB4-B7F7-E99CE13CC9B9}.Debug|Any CPU.Build.0 = Debug|Any CPU
		{8454E756-57FA-4CB4-B7F7-E99CE13CC9B9}.Release|Any CPU.ActiveCfg = Release|Any CPU
		{8454E756-57FA-4CB4-B7F7-E99CE13CC9B9}.Release|Any CPU.Build.0 = Release|Any CPU
		{CA1AF52A-FED9-42BF-92F0-945C8C6622BE}.Debug|Any CPU.ActiveCfg = Debug|Any CPU
		{CA1AF52A-FED9-42BF-92F0-945C8C6622BE}.Debug|Any CPU.Build.0 = Debug|Any CPU
		{CA1AF52A-FED9-42BF-92F0-945C8C6622BE}.Release|Any CPU.ActiveCfg = Release|Any CPU
		{CA1AF52A-FED9-42BF-92F0-945C8C6622BE}.Release|Any CPU.Build.0 = Release|Any CPU
		{29E2BAAC-96C8-4955-A1F5-9A44D2BA8912}.Debug|Any CPU.ActiveCfg = Debug|Any CPU
		{29E2BAAC-96C8-4955-A1F5-9A44D2BA8912}.Debug|Any CPU.Build.0 = Debug|Any CPU
		{29E2BAAC-96C8-4955-A1F5-9A44D2BA8912}.Release|Any CPU.ActiveCfg = Release|Any CPU
		{29E2BAAC-96C8-4955-A1F5-9A44D2BA8912}.Release|Any CPU.Build.0 = Release|Any CPU
		{65B03262-CBD7-4A4C-A3EC-E0F87F93E0C9}.Debug|Any CPU.ActiveCfg = Debug|Any CPU
		{65B03262-CBD7-4A4C-A3EC-E0F87F93E0C9}.Debug|Any CPU.Build.0 = Debug|Any CPU
		{65B03262-CBD7-4A4C-A3EC-E0F87F93E0C9}.Release|Any CPU.ActiveCfg = Release|Any CPU
		{65B03262-CBD7-4A4C-A3EC-E0F87F93E0C9}.Release|Any CPU.Build.0 = Release|Any CPU
	EndGlobalSection
	GlobalSection(SolutionProperties) = preSolution
		HideSolutionNode = FALSE
	EndGlobalSection
	GlobalSection(NestedProjects) = preSolution
		{A1476FBE-733B-4446-96CF-753A2442731F} = {876C33EA-6E07-4C03-9B00-C3315FC3F433}
		{F78DF795-E0AB-4B43-A5C2-203E859CD458} = {876C33EA-6E07-4C03-9B00-C3315FC3F433}
		{CB9A59D8-A9AF-4956-B57A-6FB058400EB7} = {876C33EA-6E07-4C03-9B00-C3315FC3F433}
		{8454E756-57FA-4CB4-B7F7-E99CE13CC9B9} = {876C33EA-6E07-4C03-9B00-C3315FC3F433}
		{CA1AF52A-FED9-42BF-92F0-945C8C6622BE} = {876C33EA-6E07-4C03-9B00-C3315FC3F433}
		{29E2BAAC-96C8-4955-A1F5-9A44D2BA8912} = {876C33EA-6E07-4C03-9B00-C3315FC3F433}
		{65B03262-CBD7-4A4C-A3EC-E0F87F93E0C9} = {876C33EA-6E07-4C03-9B00-C3315FC3F433}
	EndGlobalSection
	GlobalSection(ExtensibilityGlobals) = postSolution
		SolutionGuid = {3B1B70F3-0CD0-484E-B381-9E023CB4B98A}
	EndGlobalSection
EndGlobal
